
Microsoft Visual Studio Solution File, Format Version 12.00
# Visual Studio Version 17
VisualStudioVersion = 17.5.33502.453
MinimumVisualStudioVersion = 10.0.40219.1
Project("{FAE04EC0-301F-11D3-BF4B-00C04F79EFBC}") = "WsApiexamen", "WsApiexamen\WsApiexamen.csproj", "{1BCA4F9B-5576-4F1B-9789-A4293BF14707}"
EndProject
Project("{FAE04EC0-301F-11D3-BF4B-00C04F79EFBC}") = "WindowsForms", "WindowsForms\WindowsForms.csproj", "{8DB919A9-033B-4FB0-A84B-54EF05273007}"
EndProject
Global
	GlobalSection(SolutionConfigurationPlatforms) = preSolution
		Debug|Any CPU = Debug|Any CPU
		Release|Any CPU = Release|Any CPU
	EndGlobalSection
	GlobalSection(ProjectConfigurationPlatforms) = postSolution
		{1BCA4F9B-5576-4F1B-9789-A4293BF14707}.Debug|Any CPU.ActiveCfg = Debug|Any CPU
		{1BCA4F9B-5576-4F1B-9789-A4293BF14707}.Debug|Any CPU.Build.0 = Debug|Any CPU
		{1BCA4F9B-5576-4F1B-9789-A4293BF14707}.Release|Any CPU.ActiveCfg = Release|Any CPU
		{1BCA4F9B-5576-4F1B-9789-A4293BF14707}.Release|Any CPU.Build.0 = Release|Any CPU
		{8DB919A9-033B-4FB0-A84B-54EF05273007}.Debug|Any CPU.ActiveCfg = Debug|Any CPU
		{8DB919A9-033B-4FB0-A84B-54EF05273007}.Debug|Any CPU.Build.0 = Debug|Any CPU
		{8DB919A9-033B-4FB0-A84B-54EF05273007}.Release|Any CPU.ActiveCfg = Release|Any CPU
		{8DB919A9-033B-4FB0-A84B-54EF05273007}.Release|Any CPU.Build.0 = Release|Any CPU
	EndGlobalSection
	GlobalSection(SolutionProperties) = preSolution
		HideSolutionNode = FALSE
	EndGlobalSection
	GlobalSection(ExtensibilityGlobals) = postSolution
		SolutionGuid = {708C2FBB-092D-4E2A-90F6-6F955AE9FA0C}
	EndGlobalSection
EndGlobal
